
Microsoft Visual Studio Solution File, Format Version 12.00
# Visual Studio Version 17
VisualStudioVersion = 17.4.33110.190
MinimumVisualStudioVersion = 10.0.40219.1
Project("{FAE04EC0-301F-11D3-BF4B-00C04F79EFBC}") = "Laboop00A", "Laboop00A\Laboop00A.csproj", "{070AFED8-59A6-4E16-895A-A1A5E9935F17}"
EndProject
Global
	GlobalSection(SolutionConfigurationPlatforms) = preSolution
		Debug|Any CPU = Debug|Any CPU
		Release|Any CPU = Release|Any CPU
	EndGlobalSection
	GlobalSection(ProjectConfigurationPlatforms) = postSolution
		{070AFED8-59A6-4E16-895A-A1A5E9935F17}.Debug|Any CPU.ActiveCfg = Debug|Any CPU
		{070AFED8-59A6-4E16-895A-A1A5E9935F17}.Debug|Any CPU.Build.0 = Debug|Any CPU
		{070AFED8-59A6-4E16-895A-A1A5E9935F17}.Release|Any CPU.ActiveCfg = Release|Any CPU
		{070AFED8-59A6-4E16-895A-A1A5E9935F17}.Release|Any CPU.Build.0 = Release|Any CPU
	EndGlobalSection
	GlobalSection(SolutionProperties) = preSolution
		HideSolutionNode = FALSE
	EndGlobalSection
	GlobalSection(ExtensibilityGlobals) = postSolution
		SolutionGuid = {D3B90924-222F-4D64-8199-A05AE48597E8}
	EndGlobalSection
EndGlobal
